
Microsoft Visual Studio Solution File, Format Version 12.00
# Visual Studio Version 17
VisualStudioVersion = 17.6.33815.320
MinimumVisualStudioVersion = 10.0.40219.1
Project("{FAE04EC0-301F-11D3-BF4B-00C04F79EFBC}") = "Gunderman.BaseInfra.Web", "Gunderman.BaseInfra.Web\Gunderman.BaseInfra.Web.csproj", "{8E3508A6-30C3-4993-A074-F137522813CF}"
EndProject
Global
	GlobalSection(SolutionConfigurationPlatforms) = preSolution
		Debug|Any CPU = Debug|Any CPU
		Release|Any CPU = Release|Any CPU
	EndGlobalSection
	GlobalSection(ProjectConfigurationPlatforms) = postSolution
		{8E3508A6-30C3-4993-A074-F137522813CF}.Debug|Any CPU.ActiveCfg = Debug|Any CPU
		{8E3508A6-30C3-4993-A074-F137522813CF}.Debug|Any CPU.Build.0 = Debug|Any CPU
		{8E3508A6-30C3-4993-A074-F137522813CF}.Release|Any CPU.ActiveCfg = Release|Any CPU
		{8E3508A6-30C3-4993-A074-F137522813CF}.Release|Any CPU.Build.0 = Release|Any CPU
	EndGlobalSection
	GlobalSection(SolutionProperties) = preSolution
		HideSolutionNode = FALSE
	EndGlobalSection
	GlobalSection(ExtensibilityGlobals) = postSolution
		SolutionGuid = {6E978EAD-8AD9-4DF1-8808-DF5791493AC9}
	EndGlobalSection
EndGlobal
